
Microsoft Visual Studio Solution File, Format Version 12.00
# Visual Studio Version 17
VisualStudioVersion = 17.11.35222.181
MinimumVisualStudioVersion = 10.0.40219.1
Project("{2150E333-8FDC-42A3-9474-1A3956D46DE8}") = "Task0", "Task0", "{077E48C7-0656-4114-BDC1-0523478B13C5}"
EndProject
Project("{2150E333-8FDC-42A3-9474-1A3956D46DE8}") = "Task1", "Task1", "{95A0EA10-DAAC-4611-A1F3-2B0EE7604F40}"
EndProject
Project("{2150E333-8FDC-42A3-9474-1A3956D46DE8}") = "Task2", "Task2", "{5D29C244-6C42-4DFC-BE3D-8A4FFEA0942C}"
EndProject
Project("{2150E333-8FDC-42A3-9474-1A3956D46DE8}") = "Task3", "Task3", "{CABCC809-FEB1-495F-B564-A9F31CB8B2F1}"
EndProject
Project("{2150E333-8FDC-42A3-9474-1A3956D46DE8}") = "Task4", "Task4", "{3A7618CE-4A13-4285-B1E5-5B54F4F815DB}"
EndProject
Project("{2150E333-8FDC-42A3-9474-1A3956D46DE8}") = "Task5", "Task5", "{A41A2180-D66A-4806-9B36-C7642E1A1BE3}"
EndProject
Project("{2150E333-8FDC-42A3-9474-1A3956D46DE8}") = "Task6", "Task6", "{6FB4DFD4-F4F7-4634-BFC6-FEF874F18E95}"
EndProject
Project("{2150E333-8FDC-42A3-9474-1A3956D46DE8}") = "Task7", "Task7", "{D3D68E34-E394-4ECC-9F5D-CCB43CCF6339}"
EndProject
Project("{9A19103F-16F7-4668-BE54-9A1E7A4F7556}") = "Tyuiu.GridinAE.Sprint2.Task0.V3", "Tyuiu.GridinAE.Sprint2.Task0.V3\Tyuiu.GridinAE.Sprint2.Task0.V3.csproj", "{0A9FA5AB-F5CF-4AB3-8FCD-E015CD8C10E2}"
EndProject
Project("{9A19103F-16F7-4668-BE54-9A1E7A4F7556}") = "Tyuiu.GridinAE.Sprint2.Task0.V3.Lib", "Tyuiu.GridinAE.Sprint2.Task0.V3.Lib\Tyuiu.GridinAE.Sprint2.Task0.V3.Lib.csproj", "{4C9D9A81-9A6B-4080-9A9E-2036C98B63A7}"
EndProject
Project("{9A19103F-16F7-4668-BE54-9A1E7A4F7556}") = "Tyuiu.GridinAE.Sprint2.Task0.V3.Test", "Tyuiu.GridinAE.Sprint2.Task0.V3.Test\Tyuiu.GridinAE.Sprint2.Task0.V3.Test.csproj", "{3865949F-9E35-490C-816C-A33659BB1E7F}"
EndProject
Project("{9A19103F-16F7-4668-BE54-9A1E7A4F7556}") = "Tyuiu.GridinAE.Sprint2.Task1.V17", "Tyuiu.GridinAE.Sprint2.Task1.V17\Tyuiu.GridinAE.Sprint2.Task1.V17.csproj", "{59F36E44-9E51-4D7A-8DA6-905E7F494B63}"
EndProject
Project("{9A19103F-16F7-4668-BE54-9A1E7A4F7556}") = "Tyuiu.GridinAE.Sprint2.Task1.V17.Lib", "Tyuiu.GridinAE.Sprint2.Task1.V17.Lib\Tyuiu.GridinAE.Sprint2.Task1.V17.Lib.csproj", "{B43D6C9B-081F-4251-8CF0-B0A0F765563F}"
EndProject
Project("{9A19103F-16F7-4668-BE54-9A1E7A4F7556}") = "Tyuiu.GridinAE.Sprint2.Task1.V17.Test", "Tyuiu.GridinAE.Sprint2.Task1.V17.Test\Tyuiu.GridinAE.Sprint2.Task1.V17.Test.csproj", "{2B2857F0-B48B-4425-B86C-C81AB7BEAF8F}"
EndProject
Project("{9A19103F-16F7-4668-BE54-9A1E7A4F7556}") = "Tyuiu.GridinAE.Sprint2.Task2.V30", "Tyuiu.GridinAE.Sprint2.Task2.V30\Tyuiu.GridinAE.Sprint2.Task2.V30.csproj", "{ED419D32-C811-4440-BBBC-3B16F4678A3F}"
EndProject
Project("{9A19103F-16F7-4668-BE54-9A1E7A4F7556}") = "Tyuiu.GridinAE.Sprint2.Task2.V30.Lib", "Tyuiu.GridinAE.Sprint2.Task2.V30.Lib\Tyuiu.GridinAE.Sprint2.Task2.V30.Lib.csproj", "{131BCE4B-833C-4733-99BA-321CBF6AF8D1}"
EndProject
Project("{9A19103F-16F7-4668-BE54-9A1E7A4F7556}") = "Tyuiu.GridinAE.Sprint2.Task2.V30.Test", "Tyuiu.GridinAE.Sprint2.Task2.V30.Test\Tyuiu.GridinAE.Sprint2.Task2.V30.Test.csproj", "{76ACF0DE-C618-47FE-9735-879A97E08C55}"
EndProject
Project("{9A19103F-16F7-4668-BE54-9A1E7A4F7556}") = "Tyuiu.GridinAE.Sprint2.Task3.V10", "Tyuiu.GridinAE.Sprint2.Task3.V10\Tyuiu.GridinAE.Sprint2.Task3.V10.csproj", "{A71ABCB6-E14B-4029-94D6-D03B4FEEDDE8}"
EndProject
Project("{9A19103F-16F7-4668-BE54-9A1E7A4F7556}") = "Tyuiu.GridinAE.Sprint2.Task3.V10.Lib", "Tyuiu.GridinAE.Sprint2.Task3.V10.Lib\Tyuiu.GridinAE.Sprint2.Task3.V10.Lib.csproj", "{91992D4E-74A1-435F-8912-E1ABEC795830}"
EndProject
Project("{9A19103F-16F7-4668-BE54-9A1E7A4F7556}") = "Tyuiu.GridinAE.Sprint2.Task3.V10.Test", "Tyuiu.GridinAE.Sprint2.Task3.V10.Test\Tyuiu.GridinAE.Sprint2.Task3.V10.Test.csproj", "{61E97D98-32B9-413C-8AC8-438084576A8B}"
EndProject
Project("{FAE04EC0-301F-11D3-BF4B-00C04F79EFBC}") = "Tyuiu.GridinAE.Sprint2.Task4.V10", "Tyuiu.GridinAE.Sprint2.Task4.V10\Tyuiu.GridinAE.Sprint2.Task4.V10.csproj", "{8D1DBC6C-E30B-477B-99EC-E5484FEDDA89}"
EndProject
Project("{FAE04EC0-301F-11D3-BF4B-00C04F79EFBC}") = "Tyuiu.GridinAE.Sprint2.Task4.V10.Lib", "Tyuiu.GridinAE.Sprint2.Task4.V10.Lib\Tyuiu.GridinAE.Sprint2.Task4.V10.Lib.csproj", "{6F87556B-9C01-4022-9DB8-7943F6B3FB63}"
EndProject
Project("{FAE04EC0-301F-11D3-BF4B-00C04F79EFBC}") = "Tyuiu.GridinAE.Sprint2.Task4.V10.Test", "Tyuiu.GridinAE.Sprint2.Task4.V10.Test\Tyuiu.GridinAE.Sprint2.Task4.V10.Test.csproj", "{C6F8B92C-0DA2-4966-9853-B75CB5A08CB7}"
EndProject
Project("{FAE04EC0-301F-11D3-BF4B-00C04F79EFBC}") = "Tyuiu.GridinAE.Sprint2.Task5.V2", "Tyuiu.GridinAE.Sprint2.Task5.V2\Tyuiu.GridinAE.Sprint2.Task5.V2.csproj", "{C985B72D-F59A-4A99-BDEC-D4C344720A18}"
EndProject
Project("{FAE04EC0-301F-11D3-BF4B-00C04F79EFBC}") = "Tyuiu.GridinAE.Sprint2.Task5.V2.Lib", "Tyuiu.GridinAE.Sprint2.Task5.V2.Lib\Tyuiu.GridinAE.Sprint2.Task5.V2.Lib.csproj", "{5D55E9C8-C649-4864-B025-6DF3071B4725}"
EndProject
Project("{FAE04EC0-301F-11D3-BF4B-00C04F79EFBC}") = "Tyuiu.GridinAE.Sprint2.Task5.V2.Test", "Tyuiu.GridinAE.Sprint2.Task5.V2.Test\Tyuiu.GridinAE.Sprint2.Task5.V2.Test.csproj", "{0396B330-8E9A-4E42-B482-A8205841B62C}"
EndProject
Global
	GlobalSection(SolutionConfigurationPlatforms) = preSolution
		Debug|Any CPU = Debug|Any CPU
		Release|Any CPU = Release|Any CPU
	EndGlobalSection
	GlobalSection(ProjectConfigurationPlatforms) = postSolution
		{0A9FA5AB-F5CF-4AB3-8FCD-E015CD8C10E2}.Debug|Any CPU.ActiveCfg = Debug|Any CPU
		{0A9FA5AB-F5CF-4AB3-8FCD-E015CD8C10E2}.Debug|Any CPU.Build.0 = Debug|Any CPU
		{0A9FA5AB-F5CF-4AB3-8FCD-E015CD8C10E2}.Release|Any CPU.ActiveCfg = Release|Any CPU
		{0A9FA5AB-F5CF-4AB3-8FCD-E015CD8C10E2}.Release|Any CPU.Build.0 = Release|Any CPU
		{4C9D9A81-9A6B-4080-9A9E-2036C98B63A7}.Debug|Any CPU.ActiveCfg = Debug|Any CPU
		{4C9D9A81-9A6B-4080-9A9E-2036C98B63A7}.Debug|Any CPU.Build.0 = Debug|Any CPU
		{4C9D9A81-9A6B-4080-9A9E-2036C98B63A7}.Release|Any CPU.ActiveCfg = Release|Any CPU
		{4C9D9A81-9A6B-4080-9A9E-2036C98B63A7}.Release|Any CPU.Build.0 = Release|Any CPU
		{3865949F-9E35-490C-816C-A33659BB1E7F}.Debug|Any CPU.ActiveCfg = Debug|Any CPU
		{3865949F-9E35-490C-816C-A33659BB1E7F}.Debug|Any CPU.Build.0 = Debug|Any CPU
		{3865949F-9E35-490C-816C-A33659BB1E7F}.Release|Any CPU.ActiveCfg = Release|Any CPU
		{3865949F-9E35-490C-816C-A33659BB1E7F}.Release|Any CPU.Build.0 = Release|Any CPU
		{59F36E44-9E51-4D7A-8DA6-905E7F494B63}.Debug|Any CPU.ActiveCfg = Debug|Any CPU
		{59F36E44-9E51-4D7A-8DA6-905E7F494B63}.Debug|Any CPU.Build.0 = Debug|Any CPU
		{59F36E44-9E51-4D7A-8DA6-905E7F494B63}.Release|Any CPU.ActiveCfg = Release|Any CPU
		{59F36E44-9E51-4D7A-8DA6-905E7F494B63}.Release|Any CPU.Build.0 = Release|Any CPU
		{B43D6C9B-081F-4251-8CF0-B0A0F765563F}.Debug|Any CPU.ActiveCfg = Debug|Any CPU
		{B43D6C9B-081F-4251-8CF0-B0A0F765563F}.Debug|Any CPU.Build.0 = Debug|Any CPU
		{B43D6C9B-081F-4251-8CF0-B0A0F765563F}.Release|Any CPU.ActiveCfg = Release|Any CPU
		{B43D6C9B-081F-4251-8CF0-B0A0F765563F}.Release|Any CPU.Build.0 = Release|Any CPU
		{2B2857F0-B48B-4425-B86C-C81AB7BEAF8F}.Debug|Any CPU.ActiveCfg = Debug|Any CPU
		{2B2857F0-B48B-4425-B86C-C81AB7BEAF8F}.Debug|Any CPU.Build.0 = Debug|Any CPU
		{2B2857F0-B48B-4425-B86C-C81AB7BEAF8F}.Release|Any CPU.ActiveCfg = Release|Any CPU
		{2B2857F0-B48B-4425-B86C-C81AB7BEAF8F}.Release|Any CPU.Build.0 = Release|Any CPU
		{ED419D32-C811-4440-BBBC-3B16F4678A3F}.Debug|Any CPU.ActiveCfg = Debug|Any CPU
		{ED419D32-C811-4440-BBBC-3B16F4678A3F}.Debug|Any CPU.Build.0 = Debug|Any CPU
		{ED419D32-C811-4440-BBBC-3B16F4678A3F}.Release|Any CPU.ActiveCfg = Release|Any CPU
		{ED419D32-C811-4440-BBBC-3B16F4678A3F}.Release|Any CPU.Build.0 = Release|Any CPU
		{131BCE4B-833C-4733-99BA-321CBF6AF8D1}.Debug|Any CPU.ActiveCfg = Debug|Any CPU
		{131BCE4B-833C-4733-99BA-321CBF6AF8D1}.Debug|Any CPU.Build.0 = Debug|Any CPU
		{131BCE4B-833C-4733-99BA-321CBF6AF8D1}.Release|Any CPU.ActiveCfg = Release|Any CPU
		{131BCE4B-833C-4733-99BA-321CBF6AF8D1}.Release|Any CPU.Build.0 = Release|Any CPU
		{76ACF0DE-C618-47FE-9735-879A97E08C55}.Debug|Any CPU.ActiveCfg = Debug|Any CPU
		{76ACF0DE-C618-47FE-9735-879A97E08C55}.Debug|Any CPU.Build.0 = Debug|Any CPU
		{76ACF0DE-C618-47FE-9735-879A97E08C55}.Release|Any CPU.ActiveCfg = Release|Any CPU
		{76ACF0DE-C618-47FE-9735-879A97E08C55}.Release|Any CPU.Build.0 = Release|Any CPU
		{A71ABCB6-E14B-4029-94D6-D03B4FEEDDE8}.Debug|Any CPU.ActiveCfg = Debug|Any CPU
		{A71ABCB6-E14B-4029-94D6-D03B4FEEDDE8}.Debug|Any CPU.Build.0 = Debug|Any CPU
		{A71ABCB6-E14B-4029-94D6-D03B4FEEDDE8}.Release|Any CPU.ActiveCfg = Release|Any CPU
		{A71ABCB6-E14B-4029-94D6-D03B4FEEDDE8}.Release|Any CPU.Build.0 = Release|Any CPU
		{91992D4E-74A1-435F-8912-E1ABEC795830}.Debug|Any CPU.ActiveCfg = Debug|Any CPU
		{91992D4E-74A1-435F-8912-E1ABEC795830}.Debug|Any CPU.Build.0 = Debug|Any CPU
		{91992D4E-74A1-435F-8912-E1ABEC795830}.Release|Any CPU.ActiveCfg = Release|Any CPU
		{91992D4E-74A1-435F-8912-E1ABEC795830}.Release|Any CPU.Build.0 = Release|Any CPU
		{61E97D98-32B9-413C-8AC8-438084576A8B}.Debug|Any CPU.ActiveCfg = Debug|Any CPU
		{61E97D98-32B9-413C-8AC8-438084576A8B}.Debug|Any CPU.Build.0 = Debug|Any CPU
		{61E97D98-32B9-413C-8AC8-438084576A8B}.Release|Any CPU.ActiveCfg = Release|Any CPU
		{61E97D98-32B9-413C-8AC8-438084576A8B}.Release|Any CPU.Build.0 = Release|Any CPU
		{8D1DBC6C-E30B-477B-99EC-E5484FEDDA89}.Debug|Any CPU.ActiveCfg = Debug|Any CPU
		{8D1DBC6C-E30B-477B-99EC-E5484FEDDA89}.Debug|Any CPU.Build.0 = Debug|Any CPU
		{8D1DBC6C-E30B-477B-99EC-E5484FEDDA89}.Release|Any CPU.ActiveCfg = Release|Any CPU
		{8D1DBC6C-E30B-477B-99EC-E5484FEDDA89}.Release|Any CPU.Build.0 = Release|Any CPU
		{6F87556B-9C01-4022-9DB8-7943F6B3FB63}.Debug|Any CPU.ActiveCfg = Debug|Any CPU
		{6F87556B-9C01-4022-9DB8-7943F6B3FB63}.Debug|Any CPU.Build.0 = Debug|Any CPU
		{6F87556B-9C01-4022-9DB8-7943F6B3FB63}.Release|Any CPU.ActiveCfg = Release|Any CPU
		{6F87556B-9C01-4022-9DB8-7943F6B3FB63}.Release|Any CPU.Build.0 = Release|Any CPU
		{C6F8B92C-0DA2-4966-9853-B75CB5A08CB7}.Debug|Any CPU.ActiveCfg = Debug|Any CPU
		{C6F8B92C-0DA2-4966-9853-B75CB5A08CB7}.Debug|Any CPU.Build.0 = Debug|Any CPU
		{C6F8B92C-0DA2-4966-9853-B75CB5A08CB7}.Release|Any CPU.ActiveCfg = Release|Any CPU
		{C6F8B92C-0DA2-4966-9853-B75CB5A08CB7}.Release|Any CPU.Build.0 = Release|Any CPU
		{C985B72D-F59A-4A99-BDEC-D4C344720A18}.Debug|Any CPU.ActiveCfg = Debug|Any CPU
		{C985B72D-F59A-4A99-BDEC-D4C344720A18}.Debug|Any CPU.Build.0 = Debug|Any CPU
		{C985B72D-F59A-4A99-BDEC-D4C344720A18}.Release|Any CPU.ActiveCfg = Release|Any CPU
		{C985B72D-F59A-4A99-BDEC-D4C344720A18}.Release|Any CPU.Build.0 = Release|Any CPU
		{5D55E9C8-C649-4864-B025-6DF3071B4725}.Debug|Any CPU.ActiveCfg = Debug|Any CPU
		{5D55E9C8-C649-4864-B025-6DF3071B4725}.Debug|Any CPU.Build.0 = Debug|Any CPU
		{5D55E9C8-C649-4864-B025-6DF3071B4725}.Release|Any CPU.ActiveCfg = Release|Any CPU
		{5D55E9C8-C649-4864-B025-6DF3071B4725}.Release|Any CPU.Build.0 = Release|Any CPU
		{0396B330-8E9A-4E42-B482-A8205841B62C}.Debug|Any CPU.ActiveCfg = Debug|Any CPU
		{0396B330-8E9A-4E42-B482-A8205841B62C}.Debug|Any CPU.Build.0 = Debug|Any CPU
		{0396B330-8E9A-4E42-B482-A8205841B62C}.Release|Any CPU.ActiveCfg = Release|Any CPU
		{0396B330-8E9A-4E42-B482-A8205841B62C}.Release|Any CPU.Build.0 = Release|Any CPU
	EndGlobalSection
	GlobalSection(SolutionProperties) = preSolution
		HideSolutionNode = FALSE
	EndGlobalSection
	GlobalSection(NestedProjects) = preSolution
		{0A9FA5AB-F5CF-4AB3-8FCD-E015CD8C10E2} = {077E48C7-0656-4114-BDC1-0523478B13C5}
		{4C9D9A81-9A6B-4080-9A9E-2036C98B63A7} = {077E48C7-0656-4114-BDC1-0523478B13C5}
		{3865949F-9E35-490C-816C-A33659BB1E7F} = {077E48C7-0656-4114-BDC1-0523478B13C5}
		{59F36E44-9E51-4D7A-8DA6-905E7F494B63} = {95A0EA10-DAAC-4611-A1F3-2B0EE7604F40}
		{B43D6C9B-081F-4251-8CF0-B0A0F765563F} = {95A0EA10-DAAC-4611-A1F3-2B0EE7604F40}
		{2B2857F0-B48B-4425-B86C-C81AB7BEAF8F} = {95A0EA10-DAAC-4611-A1F3-2B0EE7604F40}
		{ED419D32-C811-4440-BBBC-3B16F4678A3F} = {5D29C244-6C42-4DFC-BE3D-8A4FFEA0942C}
		{131BCE4B-833C-4733-99BA-321CBF6AF8D1} = {5D29C244-6C42-4DFC-BE3D-8A4FFEA0942C}
		{76ACF0DE-C618-47FE-9735-879A97E08C55} = {5D29C244-6C42-4DFC-BE3D-8A4FFEA0942C}
		{A71ABCB6-E14B-4029-94D6-D03B4FEEDDE8} = {CABCC809-FEB1-495F-B564-A9F31CB8B2F1}
		{91992D4E-74A1-435F-8912-E1ABEC795830} = {CABCC809-FEB1-495F-B564-A9F31CB8B2F1}
		{61E97D98-32B9-413C-8AC8-438084576A8B} = {CABCC809-FEB1-495F-B564-A9F31CB8B2F1}
		{8D1DBC6C-E30B-477B-99EC-E5484FEDDA89} = {3A7618CE-4A13-4285-B1E5-5B54F4F815DB}
		{6F87556B-9C01-4022-9DB8-7943F6B3FB63} = {3A7618CE-4A13-4285-B1E5-5B54F4F815DB}
		{C6F8B92C-0DA2-4966-9853-B75CB5A08CB7} = {3A7618CE-4A13-4285-B1E5-5B54F4F815DB}
		{C985B72D-F59A-4A99-BDEC-D4C344720A18} = {A41A2180-D66A-4806-9B36-C7642E1A1BE3}
		{5D55E9C8-C649-4864-B025-6DF3071B4725} = {A41A2180-D66A-4806-9B36-C7642E1A1BE3}
		{0396B330-8E9A-4E42-B482-A8205841B62C} = {A41A2180-D66A-4806-9B36-C7642E1A1BE3}
	EndGlobalSection
	GlobalSection(ExtensibilityGlobals) = postSolution
		SolutionGuid = {59D21EE6-5A08-4DB4-B946-910B72DBBCF7}
	EndGlobalSection
EndGlobal
